
Microsoft Visual Studio Solution File, Format Version 12.00
# Visual Studio 15
VisualStudioVersion = 15.0.27428.2002
MinimumVisualStudioVersion = 10.0.40219.1
Project("{FAE04EC0-301F-11D3-BF4B-00C04F79EFBC}") = "SistemaEconomicas_V1", "SistemaEconomicas_V1\SistemaEconomicas_V1.csproj", "{0A94F1B7-9246-436F-8912-0CA98A05D5DA}"
EndProject
Project("{FAE04EC0-301F-11D3-BF4B-00C04F79EFBC}") = "ModelBD", "..\SistemaEconomicas_V2\ModelBD\ModelBD.csproj", "{578D010C-8B50-4B5B-BE9F-E5E640591695}"
EndProject
Global
	GlobalSection(SolutionConfigurationPlatforms) = preSolution
		Debug|Any CPU = Debug|Any CPU
		Release|Any CPU = Release|Any CPU
	EndGlobalSection
	GlobalSection(ProjectConfigurationPlatforms) = postSolution
		{0A94F1B7-9246-436F-8912-0CA98A05D5DA}.Debug|Any CPU.ActiveCfg = Debug|Any CPU
		{0A94F1B7-9246-436F-8912-0CA98A05D5DA}.Debug|Any CPU.Build.0 = Debug|Any CPU
		{0A94F1B7-9246-436F-8912-0CA98A05D5DA}.Release|Any CPU.ActiveCfg = Release|Any CPU
		{0A94F1B7-9246-436F-8912-0CA98A05D5DA}.Release|Any CPU.Build.0 = Release|Any CPU
		{578D010C-8B50-4B5B-BE9F-E5E640591695}.Debug|Any CPU.ActiveCfg = Debug|Any CPU
		{578D010C-8B50-4B5B-BE9F-E5E640591695}.Debug|Any CPU.Build.0 = Debug|Any CPU
		{578D010C-8B50-4B5B-BE9F-E5E640591695}.Release|Any CPU.ActiveCfg = Release|Any CPU
		{578D010C-8B50-4B5B-BE9F-E5E640591695}.Release|Any CPU.Build.0 = Release|Any CPU
	EndGlobalSection
	GlobalSection(SolutionProperties) = preSolution
		HideSolutionNode = FALSE
	EndGlobalSection
	GlobalSection(ExtensibilityGlobals) = postSolution
		SolutionGuid = {4CFD3F2D-DB64-469A-A2BF-1A242F08C6A9}
	EndGlobalSection
EndGlobal
